// !$*UTF8*$!
{
	archiveVersion = 1;
	classes = {
	};
	objectVersion = 50;
	objects = {

/* Begin PBXBuildFile section */
		538BF1B221319DC000D29976 /* AppDelegate.swift in Sources */ = {isa = PBXBuildFile; fileRef = 538BF1B121319DC000D29976 /* AppDelegate.swift */; };
		538BF1B421319DC000D29976 /* ViewController.swift in Sources */ = {isa = PBXBuildFile; fileRef = 538BF1B321319DC000D29976 /* ViewController.swift */; };
		538BF1B721319DC000D29976 /* Main.storyboard in Resources */ = {isa = PBXBuildFile; fileRef = 538BF1B521319DC000D29976 /* Main.storyboard */; };
		538BF1B921319DC100D29976 /* Assets.xcassets in Resources */ = {isa = PBXBuildFile; fileRef = 538BF1B821319DC100D29976 /* Assets.xcassets */; };
		538BF1BC21319DC100D29976 /* LaunchScreen.storyboard in Resources */ = {isa = PBXBuildFile; fileRef = 538BF1BA21319DC100D29976 /* LaunchScreen.storyboard */; };
		538BF1C721319DC100D29976 /* __I_Am_RichTests.swift in Sources */ = {isa = PBXBuildFile; fileRef = 538BF1C621319DC100D29976 /* __I_Am_RichTests.swift */; };
		538BF1D221319DC100D29976 /* __I_Am_RichUITests.swift in Sources */ = {isa = PBXBuildFile; fileRef = 538BF1D121319DC100D29976 /* __I_Am_RichUITests.swift */; };
/* End PBXBuildFile section */

/* Begin PBXContainerItemProxy section */
		538BF1C321319DC100D29976 /* PBXContainerItemProxy */ = {
			isa = PBXContainerItemProxy;
			containerPortal = 538BF1A621319DC000D29976 /* Project object */;
			proxyType = 1;
			remoteGlobalIDString = 538BF1AD21319DC000D29976;
			remoteInfo = "1_I-Am-Rich";
		};
		538BF1CE21319DC100D29976 /* PBXContainerItemProxy */ = {
			isa = PBXContainerItemProxy;
			containerPortal = 538BF1A621319DC000D29976 /* Project object */;
			proxyType = 1;
			remoteGlobalIDString = 538BF1AD21319DC000D29976;
			remoteInfo = "1_I-Am-Rich";
		};
/* End PBXContainerItemProxy section */

/* Begin PBXFileReference section */
		538BF1AE21319DC000D29976 /* 1_I-Am-Rich.app */ = {isa = PBXFileReference; explicitFileType = wrapper.application; includeInIndex = 0; path = "1_I-Am-Rich.app"; sourceTree = BUILT_PRODUCTS_DIR; };
		538BF1B121319DC000D29976 /* AppDelegate.swift */ = {isa = PBXFileReference; lastKnownFileType = sourcecode.swift; path = AppDelegate.swift; sourceTree = "<group>"; };
		538BF1B321319DC000D29976 /* ViewController.swift */ = {isa = PBXFileReference; lastKnownFileType = sourcecode.swift; path = ViewController.swift; sourceTree = "<group>"; };
		538BF1B621319DC000D29976 /* Base */ = {isa = PBXFileReference; lastKnownFileType = file.storyboard; name = Base; path = Base.lproj/Main.storyboard; sourceTree = "<group>"; };
		538BF1B821319DC100D29976 /* Assets.xcassets */ = {isa = PBXFileReference; lastKnownFileType = folder.assetcatalog; path = Assets.xcassets; sourceTree = "<group>"; };
		538BF1BB21319DC100D29976 /* Base */ = {isa = PBXFileReference; lastKnownFileType = file.storyboard; name = Base; path = Base.lproj/LaunchScreen.storyboard; sourceTree = "<group>"; };
		538BF1BD21319DC100D29976 /* Info.plist */ = {isa = PBXFileReference; lastKnownFileType = text.plist.xml; path = Info.plist; sourceTree = "<group>"; };
		538BF1C221319DC100D29976 /* 1_I-Am-RichTests.xctest */ = {isa = PBXFileReference; explicitFileType = wrapper.cfbundle; includeInIndex = 0; path = "1_I-Am-RichTests.xctest"; sourceTree = BUILT_PRODUCTS_DIR; };
		538BF1C621319DC100D29976 /* __I_Am_RichTests.swift */ = {isa = PBXFileReference; lastKnownFileType = sourcecode.swift; path = __I_Am_RichTests.swift; sourceTree = "<group>"; };
		538BF1C821319DC100D29976 /* Info.plist */ = {isa = PBXFileReference; lastKnownFileType = text.plist.xml; path = Info.plist; sourceTree = "<group>"; };
		538BF1CD21319DC100D29976 /* 1_I-Am-RichUITests.xctest */ = {isa = PBXFileReference; explicitFileType = wrapper.cfbundle; includeInIndex = 0; path = "1_I-Am-RichUITests.xctest"; sourceTree = BUILT_PRODUCTS_DIR; };
		538BF1D121319DC100D29976 /* __I_Am_RichUITests.swift */ = {isa = PBXFileReference; lastKnownFileType = sourcecode.swift; path = __I_Am_RichUITests.swift; sourceTree = "<group>"; };
		538BF1D321319DC100D29976 /* Info.plist */ = {isa = PBXFileReference; lastKnownFileType = text.plist.xml; path = Info.plist; sourceTree = "<group>"; };
/* End PBXFileReference section */

/* Begin PBXFrameworksBuildPhase section */
		538BF1AB21319DC000D29976 /* Frameworks */ = {
			isa = PBXFrameworksBuildPhase;
			buildActionMask = 2147483647;
			files = (
			);
			runOnlyForDeploymentPostprocessing = 0;
		};
		538BF1BF21319DC100D29976 /* Frameworks */ = {
			isa = PBXFrameworksBuildPhase;
			buildActionMask = 2147483647;
			files = (
			);
			runOnlyForDeploymentPostprocessing = 0;
		};
		538BF1CA21319DC100D29976 /* Frameworks */ = {
			isa = PBXFrameworksBuildPhase;
			buildActionMask = 2147483647;
			files = (
			);
			runOnlyForDeploymentPostprocessing = 0;
		};
/* End PBXFrameworksBuildPhase section */

/* Begin PBXGroup section */
		538BF1A521319DC000D29976 = {
			isa = PBXGroup;
			children = (
				538BF1B021319DC000D29976 /* 1_I-Am-Rich */,
				538BF1C521319DC100D29976 /* 1_I-Am-RichTests */,
				538BF1D021319DC100D29976 /* 1_I-Am-RichUITests */,
				538BF1AF21319DC000D29976 /* Products */,
			);
			sourceTree = "<group>";
		};
		538BF1AF21319DC000D29976 /* Products */ = {
			isa = PBXGroup;
			children = (
				538BF1AE21319DC000D29976 /* 1_I-Am-Rich.app */,
				538BF1C221319DC100D29976 /* 1_I-Am-RichTests.xctest */,
				538BF1CD21319DC100D29976 /* 1_I-Am-RichUITests.xctest */,
			);
			name = Products;
			sourceTree = "<group>";
		};
		538BF1B021319DC000D29976 /* 1_I-Am-Rich */ = {
			isa = PBXGroup;
			children = (
				538BF1B121319DC000D29976 /* AppDelegate.swift */,
				538BF1B321319DC000D29976 /* ViewController.swift */,
				538BF1B521319DC000D29976 /* Main.storyboard */,
				538BF1B821319DC100D29976 /* Assets.xcassets */,
				538BF1BA21319DC100D29976 /* LaunchScreen.storyboard */,
				538BF1BD21319DC100D29976 /* Info.plist */,
			);
			path = "1_I-Am-Rich";
			sourceTree = "<group>";
		};
		538BF1C521319DC100D29976 /* 1_I-Am-RichTests */ = {
			isa = PBXGroup;
			children = (
				538BF1C621319DC100D29976 /* __I_Am_RichTests.swift */,
				538BF1C821319DC100D29976 /* Info.plist */,
			);
			path = "1_I-Am-RichTests";
			sourceTree = "<group>";
		};
		538BF1D021319DC100D29976 /* 1_I-Am-RichUITests */ = {
			isa = PBXGroup;
			children = (
				538BF1D121319DC100D29976 /* __I_Am_RichUITests.swift */,
				538BF1D321319DC100D29976 /* Info.plist */,
			);
			path = "1_I-Am-RichUITests";
			sourceTree = "<group>";
		};
/* End PBXGroup section */

/* Begin PBXNativeTarget section */
		538BF1AD21319DC000D29976 /* 1_I-Am-Rich */ = {
			isa = PBXNativeTarget;
			buildConfigurationList = 538BF1D621319DC100D29976 /* Build configuration list for PBXNativeTarget "1_I-Am-Rich" */;
			buildPhases = (
				538BF1AA21319DC000D29976 /* Sources */,
				538BF1AB21319DC000D29976 /* Frameworks */,
				538BF1AC21319DC000D29976 /* Resources */,
			);
			buildRules = (
			);
			dependencies = (
			);
			name = "1_I-Am-Rich";
			productName = "1_I-Am-Rich";
			productReference = 538BF1AE21319DC000D29976 /* 1_I-Am-Rich.app */;
			productType = "com.apple.product-type.application";
		};
		538BF1C121319DC100D29976 /* 1_I-Am-RichTests */ = {
			isa = PBXNativeTarget;
			buildConfigurationList = 538BF1D921319DC100D29976 /* Build configuration list for PBXNativeTarget "1_I-Am-RichTests" */;
			buildPhases = (
				538BF1BE21319DC100D29976 /* Sources */,
				538BF1BF21319DC100D29976 /* Frameworks */,
				538BF1C021319DC100D29976 /* Resources */,
			);
			buildRules = (
			);
			dependencies = (
				538BF1C421319DC100D29976 /* PBXTargetDependency */,
			);
			name = "1_I-Am-RichTests";
			productName = "1_I-Am-RichTests";
			productReference = 538BF1C221319DC100D29976 /* 1_I-Am-RichTests.xctest */;
			productType = "com.apple.product-type.bundle.unit-test";
		};
		538BF1CC21319DC100D29976 /* 1_I-Am-RichUITests */ = {
			isa = PBXNativeTarget;
			buildConfigurationList = 538BF1DC21319DC100D29976 /* Build configuration list for PBXNativeTarget "1_I-Am-RichUITests" */;
			buildPhases = (
				538BF1C921319DC100D29976 /* Sources */,
				538BF1CA21319DC100D29976 /* Frameworks */,
				538BF1CB21319DC100D29976 /* Resources */,
			);
			buildRules = (
			);
			dependencies = (
				538BF1CF21319DC100D29976 /* PBXTargetDependency */,
			);
			name = "1_I-Am-RichUITests";
			productName = "1_I-Am-RichUITests";
			productReference = 538BF1CD21319DC100D29976 /* 1_I-Am-RichUITests.xctest */;
			productType = "com.apple.product-type.bundle.ui-testing";
		};
/* End PBXNativeTarget section */

/* Begin PBXProject section */
		538BF1A621319DC000D29976 /* Project object */ = {
			isa = PBXProject;
			attributes = {
				LastSwiftUpdateCheck = 0940;
				LastUpgradeCheck = 0940;
				ORGANIZATIONNAME = Yuseok;
				TargetAttributes = {
					538BF1AD21319DC000D29976 = {
						CreatedOnToolsVersion = 9.4.1;
					};
					538BF1C121319DC100D29976 = {
						CreatedOnToolsVersion = 9.4.1;
						TestTargetID = 538BF1AD21319DC000D29976;
					};
					538BF1CC21319DC100D29976 = {
						CreatedOnToolsVersion = 9.4.1;
						TestTargetID = 538BF1AD21319DC000D29976;
					};
				};
			};
			buildConfigurationList = 538BF1A921319DC000D29976 /* Build configuration list for PBXProject "1_I-Am-Rich" */;
			compatibilityVersion = "Xcode 9.3";
			developmentRegion = en;
			hasScannedForEncodings = 0;
			knownRegions = (
				en,
				Base,
			);
			mainGroup = 538BF1A521319DC000D29976;
			productRefGroup = 538BF1AF21319DC000D29976 /* Products */;
			projectDirPath = "";
			projectRoot = "";
			targets = (
				538BF1AD21319DC000D29976 /* 1_I-Am-Rich */,
				538BF1C121319DC100D29976 /* 1_I-Am-RichTests */,
				538BF1CC21319DC100D29976 /* 1_I-Am-RichUITests */,
			);
		};
/* End PBXProject section */

/* Begin PBXResourcesBuildPhase section */
		538BF1AC21319DC000D29976 /* Resources */ = {
			isa = PBXResourcesBuildPhase;
			buildActionMask = 2147483647;
			files = (
				538BF1BC21319DC100D29976 /* LaunchScreen.storyboard in Resources */,
				538BF1B921319DC100D29976 /* Assets.xcassets in Resources */,
				538BF1B721319DC000D29976 /* Main.storyboard in Resources */,
			);
			runOnlyForDeploymentPostprocessing = 0;
		};
		538BF1C021319DC100D29976 /* Resources */ = {
			isa = PBXResourcesBuildPhase;
			buildActionMask = 2147483647;
			files = (
			);
			runOnlyForDeploymentPostprocessing = 0;
		};
		538BF1CB21319DC100D29976 /* Resources */ = {
			isa = PBXResourcesBuildPhase;
			buildActionMask = 2147483647;
			files = (
			);
			runOnlyForDeploymentPostprocessing = 0;
		};
/* End PBXResourcesBuildPhase section */

/* Begin PBXSourcesBuildPhase section */
		538BF1AA21319DC000D29976 /* Sources */ = {
			isa = PBXSourcesBuildPhase;
			buildActionMask = 2147483647;
			files = (
				538BF1B421319DC000D29976 /* ViewController.swift in Sources */,
				538BF1B221319DC000D29976 /* AppDelegate.swift in Sources */,
			);
			runOnlyForDeploymentPostprocessing = 0;
		};
		538BF1BE21319DC100D29976 /* Sources */ = {
			isa = PBXSourcesBuildPhase;
			buildActionMask = 2147483647;
			files = (
				538BF1C721319DC100D29976 /* __I_Am_RichTests.swift in Sources */,
			);
			runOnlyForDeploymentPostprocessing = 0;
		};
		538BF1C921319DC100D29976 /* Sources */ = {
			isa = PBXSourcesBuildPhase;
			buildActionMask = 2147483647;
			files = (
				538BF1D221319DC100D29976 /* __I_Am_RichUITests.swift in Sources */,
			);
			runOnlyForDeploymentPostprocessing = 0;
		};
/* End PBXSourcesBuildPhase section */

/* Begin PBXTargetDependency section */
		538BF1C421319DC100D29976 /* PBXTargetDependency */ = {
			isa = PBXTargetDependency;
			target = 538BF1AD21319DC000D29976 /* 1_I-Am-Rich */;
			targetProxy = 538BF1C321319DC100D29976 /* PBXContainerItemProxy */;
		};
		538BF1CF21319DC100D29976 /* PBXTargetDependency */ = {
			isa = PBXTargetDependency;
			target = 538BF1AD21319DC000D29976 /* 1_I-Am-Rich */;
			targetProxy = 538BF1CE21319DC100D29976 /* PBXContainerItemProxy */;
		};
/* End PBXTargetDependency section */

/* Begin PBXVariantGroup section */
		538BF1B521319DC000D29976 /* Main.storyboard */ = {
			isa = PBXVariantGroup;
			children = (
				538BF1B621319DC000D29976 /* Base */,
			);
			name = Main.storyboard;
			sourceTree = "<group>";
		};
		538BF1BA21319DC100D29976 /* LaunchScreen.storyboard */ = {
			isa = PBXVariantGroup;
			children = (
				538BF1BB21319DC100D29976 /* Base */,
			);
			name = LaunchScreen.storyboard;
			sourceTree = "<group>";
		};
/* End PBXVariantGroup section */

/* Begin XCBuildConfiguration section */
		538BF1D421319DC100D29976 /* Debug */ = {
			isa = XCBuildConfiguration;
			buildSettings = {
				ALWAYS_SEARCH_USER_PATHS = NO;
				CLANG_ANALYZER_NONNULL = YES;
				CLANG_ANALYZER_NUMBER_OBJECT_CONVERSION = YES_AGGRESSIVE;
				CLANG_CXX_LANGUAGE_STANDARD = "gnu++14";
				CLANG_CXX_LIBRARY = "libc++";
				CLANG_ENABLE_MODULES = YES;
				CLANG_ENABLE_OBJC_ARC = YES;
				CLANG_ENABLE_OBJC_WEAK = YES;
				CLANG_WARN_BLOCK_CAPTURE_AUTORELEASING = YES;
				CLANG_WARN_BOOL_CONVERSION = YES;
				CLANG_WARN_COMMA = YES;
				CLANG_WARN_CONSTANT_CONVERSION = YES;
				CLANG_WARN_DEPRECATED_OBJC_IMPLEMENTATIONS = YES;
				CLANG_WARN_DIRECT_OBJC_ISA_USAGE = YES_ERROR;
				CLANG_WARN_DOCUMENTATION_COMMENTS = YES;
				CLANG_WARN_EMPTY_BODY = YES;
				CLANG_WARN_ENUM_CONVERSION = YES;
				CLANG_WARN_INFINITE_RECURSION = YES;
				CLANG_WARN_INT_CONVERSION = YES;
				CLANG_WARN_NON_LITERAL_NULL_CONVERSION = YES;
				CLANG_WARN_OBJC_IMPLICIT_RETAIN_SELF = YES;
				CLANG_WARN_OBJC_LITERAL_CONVERSION = YES;
				CLANG_WARN_OBJC_ROOT_CLASS = YES_ERROR;
				CLANG_WARN_RANGE_LOOP_ANALYSIS = YES;
				CLANG_WARN_STRICT_PROTOTYPES = YES;
				CLANG_WARN_SUSPICIOUS_MOVE = YES;
				CLANG_WARN_UNGUARDED_AVAILABILITY = YES_AGGRESSIVE;
				CLANG_WARN_UNREACHABLE_CODE = YES;
				CLANG_WARN__DUPLICATE_METHOD_MATCH = YES;
				CODE_SIGN_IDENTITY = "iPhone Developer";
				COPY_PHASE_STRIP = NO;
				DEBUG_INFORMATION_FORMAT = dwarf;
				ENABLE_STRICT_OBJC_MSGSEND = YES;
				ENABLE_TESTABILITY = YES;
				GCC_C_LANGUAGE_STANDARD = gnu11;
				GCC_DYNAMIC_NO_PIC = NO;
				GCC_NO_COMMON_BLOCKS = YES;
				GCC_OPTIMIZATION_LEVEL = 0;
				GCC_PREPROCESSOR_DEFINITIONS = (
					"DEBUG=1",
					"$(inherited)",
				);
				GCC_WARN_64_TO_32_BIT_CONVERSION = YES;
				GCC_WARN_ABOUT_RETURN_TYPE = YES_ERROR;
				GCC_WARN_UNDECLARED_SELECTOR = YES;
				GCC_WARN_UNINITIALIZED_AUTOS = YES_AGGRESSIVE;
				GCC_WARN_UNUSED_FUNCTION = YES;
				GCC_WARN_UNUSED_VARIABLE = YES;
				IPHONEOS_DEPLOYMENT_TARGET = 11.4;
				MTL_ENABLE_DEBUG_INFO = YES;
				ONLY_ACTIVE_ARCH = YES;
				SDKROOT = iphoneos;
				SWIFT_ACTIVE_COMPILATION_CONDITIONS = DEBUG;
				SWIFT_OPTIMIZATION_LEVEL = "-Onone";
			};
			name = Debug;
		};
		538BF1D521319DC100D29976 /* Release */ = {
			isa = XCBuildConfiguration;
			buildSettings = {
				ALWAYS_SEARCH_USER_PATHS = NO;
				CLANG_ANALYZER_NONNULL = YES;
				CLANG_ANALYZER_NUMBER_OBJECT_CONVERSION = YES_AGGRESSIVE;
				CLANG_CXX_LANGUAGE_STANDARD = "gnu++14";
				CLANG_CXX_LIBRARY = "libc++";
				CLANG_ENABLE_MODULES = YES;
				CLANG_ENABLE_OBJC_ARC = YES;
				CLANG_ENABLE_OBJC_WEAK = YES;
				CLANG_WARN_BLOCK_CAPTURE_AUTORELEASING = YES;
				CLANG_WARN_BOOL_CONVERSION = YES;
				CLANG_WARN_COMMA = YES;
				CLANG_WARN_CONSTANT_CONVERSION = YES;
				CLANG_WARN_DEPRECATED_OBJC_IMPLEMENTATIONS = YES;
				CLANG_WARN_DIRECT_OBJC_ISA_USAGE = YES_ERROR;
				CLANG_WARN_DOCUMENTATION_COMMENTS = YES;
				CLANG_WARN_EMPTY_BODY = YES;
				CLANG_WARN_ENUM_CONVERSION = YES;
				CLANG_WARN_INFINITE_RECURSION = YES;
				CLANG_WARN_INT_CONVERSION = YES;
				CLANG_WARN_NON_LITERAL_NULL_CONVERSION = YES;
				CLANG_WARN_OBJC_IMPLICIT_RETAIN_SELF = YES;
				CLANG_WARN_OBJC_LITERAL_CONVERSION = YES;
				CLANG_WARN_OBJC_ROOT_CLASS = YES_ERROR;
				CLANG_WARN_RANGE_LOOP_ANALYSIS = YES;
				CLANG_WARN_STRICT_PROTOTYPES = YES;
				CLANG_WARN_SUSPICIOUS_MOVE = YES;
				CLANG_WARN_UNGUARDED_AVAILABILITY = YES_AGGRESSIVE;
				CLANG_WARN_UNREACHABLE_CODE = YES;
				CLANG_WARN__DUPLICATE_METHOD_MATCH = YES;
				CODE_SIGN_IDENTITY = "iPhone Developer";
				COPY_PHASE_STRIP = NO;
				DEBUG_INFORMATION_FORMAT = "dwarf-with-dsym";
				ENABLE_NS_ASSERTIONS = NO;
				ENABLE_STRICT_OBJC_MSGSEND = YES;
				GCC_C_LANGUAGE_STANDARD = gnu11;
				GCC_NO_COMMON_BLOCKS = YES;
				GCC_WARN_64_TO_32_BIT_CONVERSION = YES;
				GCC_WARN_ABOUT_RETURN_TYPE = YES_ERROR;
				GCC_WARN_UNDECLARED_SELECTOR = YES;
				GCC_WARN_UNINITIALIZED_AUTOS = YES_AGGRESSIVE;
				GCC_WARN_UNUSED_FUNCTION = YES;
				GCC_WARN_UNUSED_VARIABLE = YES;
				IPHONEOS_DEPLOYMENT_TARGET = 11.4;
				MTL_ENABLE_DEBUG_INFO = NO;
				SDKROOT = iphoneos;
				SWIFT_COMPILATION_MODE = wholemodule;
				SWIFT_OPTIMIZATION_LEVEL = "-O";
				VALIDATE_PRODUCT = YES;
			};
			name = Release;
		};
		538BF1D721319DC100D29976 /* Debug */ = {
			isa = XCBuildConfiguration;
			buildSettings = {
				ASSETCATALOG_COMPILER_APPICON_NAME = AppIcon;
				CODE_SIGN_STYLE = Automatic;
				DEVELOPMENT_TEAM = UVA6XFQDHS;
				INFOPLIST_FILE = "1_I-Am-Rich/Info.plist";
				LD_RUNPATH_SEARCH_PATHS = (
					"$(inherited)",
					"@executable_path/Frameworks",
				);
				PRODUCT_BUNDLE_IDENTIFIER = "com.JMmmmuu.--I-Am-Rich";
				PRODUCT_NAME = "$(TARGET_NAME)";
				SWIFT_VERSION = 4.0;
				TARGETED_DEVICE_FAMILY = 1;
			};
			name = Debug;
		};
		538BF1D821319DC100D29976 /* Release */ = {
			isa = XCBuildConfiguration;
			buildSettings = {
				ASSETCATALOG_COMPILER_APPICON_NAME = AppIcon;
				CODE_SIGN_STYLE = Automatic;
				DEVELOPMENT_TEAM = UVA6XFQDHS;
				INFOPLIST_FILE = "1_I-Am-Rich/Info.plist";
				LD_RUNPATH_SEARCH_PATHS = (
					"$(inherited)",
					"@executable_path/Frameworks",
				);
				PRODUCT_BUNDLE_IDENTIFIER = "com.JMmmmuu.--I-Am-Rich";
				PRODUCT_NAME = "$(TARGET_NAME)";
				SWIFT_VERSION = 4.0;
				TARGETED_DEVICE_FAMILY = 1;
			};
			name = Release;
		};
		538BF1DA21319DC100D29976 /* Debug */ = {
			isa = XCBuildConfiguration;
			buildSettings = {
				ALWAYS_EMBED_SWIFT_STANDARD_LIBRARIES = YES;
				BUNDLE_LOADER = "$(TEST_HOST)";
				CODE_SIGN_STYLE = Automatic;
				INFOPLIST_FILE = "1_I-Am-RichTests/Info.plist";
				LD_RUNPATH_SEARCH_PATHS = (
					"$(inherited)",
					"@executable_path/Frameworks",
					"@loader_path/Frameworks",
				);
				PRODUCT_BUNDLE_IDENTIFIER = "com.JMmmmuu.--I-Am-RichTests";
				PRODUCT_NAME = "$(TARGET_NAME)";
				SWIFT_VERSION = 4.0;
				TARGETED_DEVICE_FAMILY = "1,2";
				TEST_HOST = "$(BUILT_PRODUCTS_DIR)/1_I-Am-Rich.app/1_I-Am-Rich";
			};
			name = Debug;
		};
		538BF1DB21319DC100D29976 /* Release */ = {
			isa = XCBuildConfiguration;
			buildSettings = {
				ALWAYS_EMBED_SWIFT_STANDARD_LIBRARIES = YES;
				BUNDLE_LOADER = "$(TEST_HOST)";
				CODE_SIGN_STYLE = Automatic;
				INFOPLIST_FILE = "1_I-Am-RichTests/Info.plist";
				LD_RUNPATH_SEARCH_PATHS = (
					"$(inherited)",
					"@executable_path/Frameworks",
					"@loader_path/Frameworks",
				);
				PRODUCT_BUNDLE_IDENTIFIER = "com.JMmmmuu.--I-Am-RichTests";
				PRODUCT_NAME = "$(TARGET_NAME)";
				SWIFT_VERSION = 4.0;
				TARGETED_DEVICE_FAMILY = "1,2";
				TEST_HOST = "$(BUILT_PRODUCTS_DIR)/1_I-Am-Rich.app/1_I-Am-Rich";
			};
			name = Release;
		};
		538BF1DD21319DC100D29976 /* Debug */ = {
			isa = XCBuildConfiguration;
			buildSettings = {
				ALWAYS_EMBED_SWIFT_STANDARD_LIBRARIES = YES;
				CODE_SIGN_STYLE = Automatic;
				INFOPLIST_FILE = "1_I-Am-RichUITests/Info.plist";
				LD_RUNPATH_SEARCH_PATHS = (
					"$(inherited)",
					"@executable_path/Frameworks",
					"@loader_path/Frameworks",
				);
				PRODUCT_BUNDLE_IDENTIFIER = "com.JMmmmuu.--I-Am-RichUITests";
				PRODUCT_NAME = "$(TARGET_NAME)";
				SWIFT_VERSION = 4.0;
				TARGETED_DEVICE_FAMILY = "1,2";
				TEST_TARGET_NAME = "1_I-Am-Rich";
			};
			name = Debug;
		};
		538BF1DE21319DC100D29976 /* Release */ = {
			isa = XCBuildConfiguration;
			buildSettings = {
				ALWAYS_EMBED_SWIFT_STANDARD_LIBRARIES = YES;
				CODE_SIGN_STYLE = Automatic;
				INFOPLIST_FILE = "1_I-Am-RichUITests/Info.plist";
				LD_RUNPATH_SEARCH_PATHS = (
					"$(inherited)",
					"@executable_path/Frameworks",
					"@loader_path/Frameworks",
				);
				PRODUCT_BUNDLE_IDENTIFIER = "com.JMmmmuu.--I-Am-RichUITests";
				PRODUCT_NAME = "$(TARGET_NAME)";
				SWIFT_VERSION = 4.0;
				TARGETED_DEVICE_FAMILY = "1,2";
				TEST_TARGET_NAME = "1_I-Am-Rich";
			};
			name = Release;
		};
/* End XCBuildConfiguration section */

/* Begin XCConfigurationList section */
		538BF1A921319DC000D29976 /* Build configuration list for PBXProject "1_I-Am-Rich" */ = {
			isa = XCConfigurationList;
			buildConfigurations = (
				538BF1D421319DC100D29976 /* Debug */,
				538BF1D521319DC100D29976 /* Release */,
			);
			defaultConfigurationIsVisible = 0;
			defaultConfigurationName = Release;
		};
		538BF1D621319DC100D29976 /* Build configuration list for PBXNativeTarget "1_I-Am-Rich" */ = {
			isa = XCConfigurationList;
			buildConfigurations = (
				538BF1D721319DC100D29976 /* Debug */,
				538BF1D821319DC100D29976 /* Release */,
			);
			defaultConfigurationIsVisible = 0;
			defaultConfigurationName = Release;
		};
		538BF1D921319DC100D29976 /* Build configuration list for PBXNativeTarget "1_I-Am-RichTests" */ = {
			isa = XCConfigurationList;
			buildConfigurations = (
				538BF1DA21319DC100D29976 /* Debug */,
				538BF1DB21319DC100D29976 /* Release */,
			);
			defaultConfigurationIsVisible = 0;
			defaultConfigurationName = Release;
		};
		538BF1DC21319DC100D29976 /* Build configuration list for PBXNativeTarget "1_I-Am-RichUITests" */ = {
			isa = XCConfigurationList;
			buildConfigurations = (
				538BF1DD21319DC100D29976 /* Debug */,
				538BF1DE21319DC100D29976 /* Release */,
			);
			defaultConfigurationIsVisible = 0;
			defaultConfigurationName = Release;
		};
/* End XCConfigurationList section */
	};
	rootObject = 538BF1A621319DC000D29976 /* Project object */;
}
